// !$*UTF8*$!
{
	archiveVersion = 1;
	classes = {
	};
	objectVersion = 46;
	objects = {

/* Begin PBXBuildFile section */
		C728F2FF1DAB4F9200C2D1D4 /* main.swift in Sources */ = {isa = PBXBuildFile; fileRef = C728F2FE1DAB4F9200C2D1D4 /* main.swift */; };
		C7F47ECC1DADABA00032E6AB /* CalcArrayPointsTest.swift in Sources */ = {isa = PBXBuildFile; fileRef = C7F47ECB1DADABA00032E6AB /* CalcArrayPointsTest.swift */; };
/* End PBXBuildFile section */

/* Begin PBXCopyFilesBuildPhase section */
		C728F2F91DAB4F9200C2D1D4 /* CopyFiles */ = {
			isa = PBXCopyFilesBuildPhase;
			buildActionMask = 2147483647;
			dstPath = /usr/share/man/man1/;
			dstSubfolderSpec = 0;
			files = (
			);
			runOnlyForDeploymentPostprocessing = 1;
		};
/* End PBXCopyFilesBuildPhase section */

/* Begin PBXFileReference section */
		C728F2FB1DAB4F9200C2D1D4 /* CalcArrayPoints */ = {isa = PBXFileReference; explicitFileType = "compiled.mach-o.executable"; includeInIndex = 0; path = CalcArrayPoints; sourceTree = BUILT_PRODUCTS_DIR; };
		C728F2FE1DAB4F9200C2D1D4 /* main.swift */ = {isa = PBXFileReference; lastKnownFileType = sourcecode.swift; path = main.swift; sourceTree = "<group>"; };
		C7F47EC91DADAB9F0032E6AB /* CalcArrayPointsTest.xctest */ = {isa = PBXFileReference; explicitFileType = wrapper.cfbundle; includeInIndex = 0; path = CalcArrayPointsTest.xctest; sourceTree = BUILT_PRODUCTS_DIR; };
		C7F47ECB1DADABA00032E6AB /* CalcArrayPointsTest.swift */ = {isa = PBXFileReference; lastKnownFileType = sourcecode.swift; path = CalcArrayPointsTest.swift; sourceTree = "<group>"; };
		C7F47ECD1DADABA00032E6AB /* Info.plist */ = {isa = PBXFileReference; lastKnownFileType = text.plist.xml; path = Info.plist; sourceTree = "<group>"; };
/* End PBXFileReference section */

/* Begin PBXFrameworksBuildPhase section */
		C728F2F81DAB4F9200C2D1D4 /* Frameworks */ = {
			isa = PBXFrameworksBuildPhase;
			buildActionMask = 2147483647;
			files = (
			);
			runOnlyForDeploymentPostprocessing = 0;
		};
		C7F47EC61DADAB9F0032E6AB /* Frameworks */ = {
			isa = PBXFrameworksBuildPhase;
			buildActionMask = 2147483647;
			files = (
			);
			runOnlyForDeploymentPostprocessing = 0;
		};
/* End PBXFrameworksBuildPhase section */

/* Begin PBXGroup section */
		C728F2F21DAB4F9200C2D1D4 = {
			isa = PBXGroup;
			children = (
				C728F2FD1DAB4F9200C2D1D4 /* CalcArrayPoints */,
				C7F47ECA1DADAB9F0032E6AB /* CalcArrayPointsTest */,
				C728F2FC1DAB4F9200C2D1D4 /* Products */,
			);
			sourceTree = "<group>";
		};
		C728F2FC1DAB4F9200C2D1D4 /* Products */ = {
			isa = PBXGroup;
			children = (
				C728F2FB1DAB4F9200C2D1D4 /* CalcArrayPoints */,
				C7F47EC91DADAB9F0032E6AB /* CalcArrayPointsTest.xctest */,
			);
			name = Products;
			sourceTree = "<group>";
		};
		C728F2FD1DAB4F9200C2D1D4 /* CalcArrayPoints */ = {
			isa = PBXGroup;
			children = (
				C728F2FE1DAB4F9200C2D1D4 /* main.swift */,
			);
			path = CalcArrayPoints;
			sourceTree = "<group>";
		};
		C7F47ECA1DADAB9F0032E6AB /* CalcArrayPointsTest */ = {
			isa = PBXGroup;
			children = (
				C7F47ECB1DADABA00032E6AB /* CalcArrayPointsTest.swift */,
				C7F47ECD1DADABA00032E6AB /* Info.plist */,
			);
			path = CalcArrayPointsTest;
			sourceTree = "<group>";
		};
/* End PBXGroup section */

/* Begin PBXNativeTarget section */
		C728F2FA1DAB4F9200C2D1D4 /* CalcArrayPoints */ = {
			isa = PBXNativeTarget;
			buildConfigurationList = C728F3021DAB4F9200C2D1D4 /* Build configuration list for PBXNativeTarget "CalcArrayPoints" */;
			buildPhases = (
				C728F2F71DAB4F9200C2D1D4 /* Sources */,
				C728F2F81DAB4F9200C2D1D4 /* Frameworks */,
				C728F2F91DAB4F9200C2D1D4 /* CopyFiles */,
			);
			buildRules = (
			);
			dependencies = (
			);
			name = CalcArrayPoints;
			productName = CalcArrayPoints;
			productReference = C728F2FB1DAB4F9200C2D1D4 /* CalcArrayPoints */;
			productType = "com.apple.product-type.tool";
		};
		C7F47EC81DADAB9F0032E6AB /* CalcArrayPointsTest */ = {
			isa = PBXNativeTarget;
			buildConfigurationList = C7F47ED01DADABA00032E6AB /* Build configuration list for PBXNativeTarget "CalcArrayPointsTest" */;
			buildPhases = (
				C7F47EC51DADAB9F0032E6AB /* Sources */,
				C7F47EC61DADAB9F0032E6AB /* Frameworks */,
				C7F47EC71DADAB9F0032E6AB /* Resources */,
			);
			buildRules = (
			);
			dependencies = (
			);
			name = CalcArrayPointsTest;
			productName = CalcArrayPointsTest;
			productReference = C7F47EC91DADAB9F0032E6AB /* CalcArrayPointsTest.xctest */;
			productType = "com.apple.product-type.bundle.unit-test";
		};
/* End PBXNativeTarget section */

/* Begin PBXProject section */
		C728F2F31DAB4F9200C2D1D4 /* Project object */ = {
			isa = PBXProject;
			attributes = {
				LastSwiftUpdateCheck = 0800;
				LastUpgradeCheck = 0800;
				ORGANIZATIONNAME = "Andrew Kan";
				TargetAttributes = {
					C728F2FA1DAB4F9200C2D1D4 = {
						CreatedOnToolsVersion = 8.0;
						DevelopmentTeam = 7HA369J7H4;
						ProvisioningStyle = Automatic;
					};
					C7F47EC81DADAB9F0032E6AB = {
						CreatedOnToolsVersion = 8.0;
						DevelopmentTeam = 7HA369J7H4;
						ProvisioningStyle = Automatic;
					};
				};
			};
			buildConfigurationList = C728F2F61DAB4F9200C2D1D4 /* Build configuration list for PBXProject "CalcArrayPoints" */;
			compatibilityVersion = "Xcode 3.2";
			developmentRegion = English;
			hasScannedForEncodings = 0;
			knownRegions = (
				en,
			);
			mainGroup = C728F2F21DAB4F9200C2D1D4;
			productRefGroup = C728F2FC1DAB4F9200C2D1D4 /* Products */;
			projectDirPath = "";
			projectRoot = "";
			targets = (
				C728F2FA1DAB4F9200C2D1D4 /* CalcArrayPoints */,
				C7F47EC81DADAB9F0032E6AB /* CalcArrayPointsTest */,
			);
		};
/* End PBXProject section */

/* Begin PBXResourcesBuildPhase section */
		C7F47EC71DADAB9F0032E6AB /* Resources */ = {
			isa = PBXResourcesBuildPhase;
			buildActionMask = 2147483647;
			files = (
			);
			runOnlyForDeploymentPostprocessing = 0;
		};
/* End PBXResourcesBuildPhase section */

/* Begin PBXSourcesBuildPhase section */
		C728F2F71DAB4F9200C2D1D4 /* Sources */ = {
			isa = PBXSourcesBuildPhase;
			buildActionMask = 2147483647;
			files = (
				C728F2FF1DAB4F9200C2D1D4 /* main.swift in Sources */,
			);
			runOnlyForDeploymentPostprocessing = 0;
		};
		C7F47EC51DADAB9F0032E6AB /* Sources */ = {
			isa = PBXSourcesBuildPhase;
			buildActionMask = 2147483647;
			files = (
				C7F47ECC1DADABA00032E6AB /* CalcArrayPointsTest.swift in Sources */,
			);
			runOnlyForDeploymentPostprocessing = 0;
		};
/* End PBXSourcesBuildPhase section */

/* Begin XCBuildConfiguration section */
		C728F3001DAB4F9200C2D1D4 /* Debug */ = {
			isa = XCBuildConfiguration;
			buildSettings = {
				ALWAYS_SEARCH_USER_PATHS = NO;
				CLANG_ANALYZER_NONNULL = YES;
				CLANG_CXX_LANGUAGE_STANDARD = "gnu++0x";
				CLANG_CXX_LIBRARY = "libc++";
				CLANG_ENABLE_MODULES = YES;
				CLANG_ENABLE_OBJC_ARC = YES;
				CLANG_WARN_BOOL_CONVERSION = YES;
				CLANG_WARN_CONSTANT_CONVERSION = YES;
				CLANG_WARN_DIRECT_OBJC_ISA_USAGE = YES_ERROR;
				CLANG_WARN_DOCUMENTATION_COMMENTS = YES;
				CLANG_WARN_EMPTY_BODY = YES;
				CLANG_WARN_ENUM_CONVERSION = YES;
				CLANG_WARN_INFINITE_RECURSION = YES;
				CLANG_WARN_INT_CONVERSION = YES;
				CLANG_WARN_OBJC_ROOT_CLASS = YES_ERROR;
				CLANG_WARN_SUSPICIOUS_MOVES = YES;
				CLANG_WARN_UNREACHABLE_CODE = YES;
				CLANG_WARN__DUPLICATE_METHOD_MATCH = YES;
				CODE_SIGN_IDENTITY = "-";
				COPY_PHASE_STRIP = NO;
				DEBUG_INFORMATION_FORMAT = dwarf;
				ENABLE_STRICT_OBJC_MSGSEND = YES;
				ENABLE_TESTABILITY = YES;
				GCC_C_LANGUAGE_STANDARD = gnu99;
				GCC_DYNAMIC_NO_PIC = NO;
				GCC_NO_COMMON_BLOCKS = YES;
				GCC_OPTIMIZATION_LEVEL = 0;
				GCC_PREPROCESSOR_DEFINITIONS = (
					"DEBUG=1",
					"$(inherited)",
				);
				GCC_WARN_64_TO_32_BIT_CONVERSION = YES;
				GCC_WARN_ABOUT_RETURN_TYPE = YES_ERROR;
				GCC_WARN_UNDECLARED_SELECTOR = YES;
				GCC_WARN_UNINITIALIZED_AUTOS = YES_AGGRESSIVE;
				GCC_WARN_UNUSED_FUNCTION = YES;
				GCC_WARN_UNUSED_VARIABLE = YES;
				MACOSX_DEPLOYMENT_TARGET = 10.12;
				MTL_ENABLE_DEBUG_INFO = YES;
				ONLY_ACTIVE_ARCH = YES;
				SDKROOT = macosx;
				SWIFT_OPTIMIZATION_LEVEL = "-Onone";
			};
			name = Debug;
		};
		C728F3011DAB4F9200C2D1D4 /* Release */ = {
			isa = XCBuildConfiguration;
			buildSettings = {
				ALWAYS_SEARCH_USER_PATHS = NO;
				CLANG_ANALYZER_NONNULL = YES;
				CLANG_CXX_LANGUAGE_STANDARD = "gnu++0x";
				CLANG_CXX_LIBRARY = "libc++";
				CLANG_ENABLE_MODULES = YES;
				CLANG_ENABLE_OBJC_ARC = YES;
				CLANG_WARN_BOOL_CONVERSION = YES;
				CLANG_WARN_CONSTANT_CONVERSION = YES;
				CLANG_WARN_DIRECT_OBJC_ISA_USAGE = YES_ERROR;
				CLANG_WARN_DOCUMENTATION_COMMENTS = YES;
				CLANG_WARN_EMPTY_BODY = YES;
				CLANG_WARN_ENUM_CONVERSION = YES;
				CLANG_WARN_INFINITE_RECURSION = YES;
				CLANG_WARN_INT_CONVERSION = YES;
				CLANG_WARN_OBJC_ROOT_CLASS = YES_ERROR;
				CLANG_WARN_SUSPICIOUS_MOVES = YES;
				CLANG_WARN_UNREACHABLE_CODE = YES;
				CLANG_WARN__DUPLICATE_METHOD_MATCH = YES;
				CODE_SIGN_IDENTITY = "-";
				COPY_PHASE_STRIP = NO;
				DEBUG_INFORMATION_FORMAT = "dwarf-with-dsym";
				ENABLE_NS_ASSERTIONS = NO;
				ENABLE_STRICT_OBJC_MSGSEND = YES;
				GCC_C_LANGUAGE_STANDARD = gnu99;
				GCC_NO_COMMON_BLOCKS = YES;
				GCC_WARN_64_TO_32_BIT_CONVERSION = YES;
				GCC_WARN_ABOUT_RETURN_TYPE = YES_ERROR;
				GCC_WARN_UNDECLARED_SELECTOR = YES;
				GCC_WARN_UNINITIALIZED_AUTOS = YES_AGGRESSIVE;
				GCC_WARN_UNUSED_FUNCTION = YES;
				GCC_WARN_UNUSED_VARIABLE = YES;
				MACOSX_DEPLOYMENT_TARGET = 10.12;
				MTL_ENABLE_DEBUG_INFO = NO;
				SDKROOT = macosx;
			};
			name = Release;
		};
		C728F3031DAB4F9200C2D1D4 /* Debug */ = {
			isa = XCBuildConfiguration;
			buildSettings = {
				DEVELOPMENT_TEAM = 7HA369J7H4;
				PRODUCT_NAME = "$(TARGET_NAME)";
				SWIFT_VERSION = 3.0;
			};
			name = Debug;
		};
		C728F3041DAB4F9200C2D1D4 /* Release */ = {
			isa = XCBuildConfiguration;
			buildSettings = {
				DEVELOPMENT_TEAM = 7HA369J7H4;
				PRODUCT_NAME = "$(TARGET_NAME)";
				SWIFT_VERSION = 3.0;
			};
			name = Release;
		};
		C7F47ECE1DADABA00032E6AB /* Debug */ = {
			isa = XCBuildConfiguration;
			buildSettings = {
				COMBINE_HIDPI_IMAGES = YES;
				DEVELOPMENT_TEAM = 7HA369J7H4;
				INFOPLIST_FILE = CalcArrayPointsTest/Info.plist;
				LD_RUNPATH_SEARCH_PATHS = "$(inherited) @executable_path/../Frameworks @loader_path/../Frameworks";
				PRODUCT_BUNDLE_IDENTIFIER = andrewkan.CalcArrayPointsTest;
				PRODUCT_NAME = "$(TARGET_NAME)";
				SWIFT_ACTIVE_COMPILATION_CONDITIONS = DEBUG;
				SWIFT_VERSION = 3.0;
			};
			name = Debug;
		};
		C7F47ECF1DADABA00032E6AB /* Release */ = {
			isa = XCBuildConfiguration;
			buildSettings = {
				COMBINE_HIDPI_IMAGES = YES;
				DEVELOPMENT_TEAM = 7HA369J7H4;
				INFOPLIST_FILE = CalcArrayPointsTest/Info.plist;
				LD_RUNPATH_SEARCH_PATHS = "$(inherited) @executable_path/../Frameworks @loader_path/../Frameworks";
				PRODUCT_BUNDLE_IDENTIFIER = andrewkan.CalcArrayPointsTest;
				PRODUCT_NAME = "$(TARGET_NAME)";
				SWIFT_OPTIMIZATION_LEVEL = "-Owholemodule";
				SWIFT_VERSION = 3.0;
			};
			name = Release;
		};
/* End XCBuildConfiguration section */

/* Begin XCConfigurationList section */
		C728F2F61DAB4F9200C2D1D4 /* Build configuration list for PBXProject "CalcArrayPoints" */ = {
			isa = XCConfigurationList;
			buildConfigurations = (
				C728F3001DAB4F9200C2D1D4 /* Debug */,
				C728F3011DAB4F9200C2D1D4 /* Release */,
			);
			defaultConfigurationIsVisible = 0;
			defaultConfigurationName = Release;
		};
		C728F3021DAB4F9200C2D1D4 /* Build configuration list for PBXNativeTarget "CalcArrayPoints" */ = {
			isa = XCConfigurationList;
			buildConfigurations = (
				C728F3031DAB4F9200C2D1D4 /* Debug */,
				C728F3041DAB4F9200C2D1D4 /* Release */,
			);
			defaultConfigurationIsVisible = 0;
			defaultConfigurationName = Release;
		};
		C7F47ED01DADABA00032E6AB /* Build configuration list for PBXNativeTarget "CalcArrayPointsTest" */ = {
			isa = XCConfigurationList;
			buildConfigurations = (
				C7F47ECE1DADABA00032E6AB /* Debug */,
				C7F47ECF1DADABA00032E6AB /* Release */,
			);
			defaultConfigurationIsVisible = 0;
		};
/* End XCConfigurationList section */
	};
	rootObject = C728F2F31DAB4F9200C2D1D4 /* Project object */;
}
